
Microsoft Visual Studio Solution File, Format Version 12.00
# Visual Studio 15
VisualStudioVersion = 15.0.28010.2003
MinimumVisualStudioVersion = 10.0.40219.1
Project("{FAE04EC0-301F-11D3-BF4B-00C04F79EFBC}") = "UrlsAndRoutes", "UrlsAndRoutes\UrlsAndRoutes.csproj", "{664BB05C-D00F-4A7F-9AE6-24030C031628}"
EndProject
Project("{FAE04EC0-301F-11D3-BF4B-00C04F79EFBC}") = "UrlsAndRoutes.Tests", "UrlsAndRoutes.Tests\UrlsAndRoutes.Tests.csproj", "{396B7B17-4085-4629-B070-204084CBA0AF}"
EndProject
Global
	GlobalSection(SolutionConfigurationPlatforms) = preSolution
		Debug|Any CPU = Debug|Any CPU
		Release|Any CPU = Release|Any CPU
	EndGlobalSection
	GlobalSection(ProjectConfigurationPlatforms) = postSolution
		{664BB05C-D00F-4A7F-9AE6-24030C031628}.Debug|Any CPU.ActiveCfg = Debug|Any CPU
		{664BB05C-D00F-4A7F-9AE6-24030C031628}.Debug|Any CPU.Build.0 = Debug|Any CPU
		{664BB05C-D00F-4A7F-9AE6-24030C031628}.Release|Any CPU.ActiveCfg = Release|Any CPU
		{664BB05C-D00F-4A7F-9AE6-24030C031628}.Release|Any CPU.Build.0 = Release|Any CPU
		{396B7B17-4085-4629-B070-204084CBA0AF}.Debug|Any CPU.ActiveCfg = Debug|Any CPU
		{396B7B17-4085-4629-B070-204084CBA0AF}.Debug|Any CPU.Build.0 = Debug|Any CPU
		{396B7B17-4085-4629-B070-204084CBA0AF}.Release|Any CPU.ActiveCfg = Release|Any CPU
		{396B7B17-4085-4629-B070-204084CBA0AF}.Release|Any CPU.Build.0 = Release|Any CPU
	EndGlobalSection
	GlobalSection(SolutionProperties) = preSolution
		HideSolutionNode = FALSE
	EndGlobalSection
	GlobalSection(ExtensibilityGlobals) = postSolution
		SolutionGuid = {C4B9A393-0D25-4089-AE6B-5EC78D952AB5}
	EndGlobalSection
EndGlobal
